// !$*UTF8*$!
{
	archiveVersion = 1;
	classes = {
	};
	objectVersion = 56;
	objects = {

/* Begin PBXBuildFile section */
		310202672C6671B500CCB902 /* LikesCollectionViewCell.swift in Sources */ = {isa = PBXBuildFile; fileRef = 310202662C6671B500CCB902 /* LikesCollectionViewCell.swift */; };
		3121EF3D2C5E7C7B00AD6066 /* TabBarController.swift in Sources */ = {isa = PBXBuildFile; fileRef = 3121EF3C2C5E7C7B00AD6066 /* TabBarController.swift */; };
		3121EF3F2C5E7F9A00AD6066 /* CategoriesViewController.swift in Sources */ = {isa = PBXBuildFile; fileRef = 3121EF3E2C5E7F9A00AD6066 /* CategoriesViewController.swift */; };
		3121EF412C5E7FB500AD6066 /* LikesViewController.swift in Sources */ = {isa = PBXBuildFile; fileRef = 3121EF402C5E7FB500AD6066 /* LikesViewController.swift */; };
		3121EF432C5E7FC800AD6066 /* AccountViewController.swift in Sources */ = {isa = PBXBuildFile; fileRef = 3121EF422C5E7FC800AD6066 /* AccountViewController.swift */; };
		3121EF462C5FC13300AD6066 /* SnapKit in Frameworks */ = {isa = PBXBuildFile; productRef = 3121EF452C5FC13300AD6066 /* SnapKit */; };
		3121EF4D2C5FC5F500AD6066 /* HomeCollectionViewCell.swift in Sources */ = {isa = PBXBuildFile; fileRef = 3121EF4C2C5FC5F500AD6066 /* HomeCollectionViewCell.swift */; };
		312C65B12C5E723F0064FE43 /* AppDelegate.swift in Sources */ = {isa = PBXBuildFile; fileRef = 312C65B02C5E723F0064FE43 /* AppDelegate.swift */; };
		312C65B52C5E723F0064FE43 /* HomeViewController.swift in Sources */ = {isa = PBXBuildFile; fileRef = 312C65B42C5E723F0064FE43 /* HomeViewController.swift */; };
		312C65BA2C5E72400064FE43 /* Assets.xcassets in Resources */ = {isa = PBXBuildFile; fileRef = 312C65B92C5E72400064FE43 /* Assets.xcassets */; };
		312C65BD2C5E72400064FE43 /* Base in Resources */ = {isa = PBXBuildFile; fileRef = 312C65BC2C5E72400064FE43 /* Base */; };
		314544AB2C60F03B0051274F /* CategoriesCollectionViewCell.swift in Sources */ = {isa = PBXBuildFile; fileRef = 314544AA2C60F03B0051274F /* CategoriesCollectionViewCell.swift */; };
		317F33332C690E0C0075776A /* WelcomeViewController.swift in Sources */ = {isa = PBXBuildFile; fileRef = 317F33322C690E0C0075776A /* WelcomeViewController.swift */; };
		848B2A182C691D2700D1CF3B /* HomeSectionView.swift in Sources */ = {isa = PBXBuildFile; fileRef = 848B2A172C691D2700D1CF3B /* HomeSectionView.swift */; };
		84BE10972C6C23EC0078F70A /* UIView+Ex.swift in Sources */ = {isa = PBXBuildFile; fileRef = 84BE10962C6C23EC0078F70A /* UIView+Ex.swift */; };
		84BE10A32C751BF20078F70A /* HomeViewModel.swift in Sources */ = {isa = PBXBuildFile; fileRef = 84BE10A22C751BF20078F70A /* HomeViewModel.swift */; };
		84BE10A62C751F5C0078F70A /* BooksResponseObject.swift in Sources */ = {isa = PBXBuildFile; fileRef = 84BE10A52C751F5C0078F70A /* BooksResponseObject.swift */; };
		84BE10A92C751FE90078F70A /* ResponseObject.swift in Sources */ = {isa = PBXBuildFile; fileRef = 84BE10A82C751FE90078F70A /* ResponseObject.swift */; };
		84BE10AB2C7548760078F70A /* BookCellViewModel.swift in Sources */ = {isa = PBXBuildFile; fileRef = 84BE10AA2C7548760078F70A /* BookCellViewModel.swift */; };
		84BE10AD2C76A3040078F70A /* ApiManager.swift in Sources */ = {isa = PBXBuildFile; fileRef = 84BE10AC2C76A3040078F70A /* ApiManager.swift */; };
		84BE10B02C76B3D40078F70A /* NetworkingError.swift in Sources */ = {isa = PBXBuildFile; fileRef = 84BE10AF2C76B3D40078F70A /* NetworkingError.swift */; };
		84BE10B72C77BFF80078F70A /* DetailsBookViewController.swift in Sources */ = {isa = PBXBuildFile; fileRef = 84BE10B32C77BFF80078F70A /* DetailsBookViewController.swift */; };
		84BE10B82C77BFF80078F70A /* KeyValueLabelView.swift in Sources */ = {isa = PBXBuildFile; fileRef = 84BE10B42C77BFF80078F70A /* KeyValueLabelView.swift */; };
		84BE10BA2C77C02A0078F70A /* UIStackView+Ex.swift in Sources */ = {isa = PBXBuildFile; fileRef = 84BE10B92C77C0290078F70A /* UIStackView+Ex.swift */; };
		84BE10BD2C77C63B0078F70A /* Kingfisher in Frameworks */ = {isa = PBXBuildFile; productRef = 84BE10BC2C77C63B0078F70A /* Kingfisher */; };
		84BE10BF2C77CA640078F70A /* DetailsViewModel.swift in Sources */ = {isa = PBXBuildFile; fileRef = 84BE10BE2C77CA640078F70A /* DetailsViewModel.swift */; };
		84BE10C62C77E7B90078F70A /* Model.xcdatamodeld in Sources */ = {isa = PBXBuildFile; fileRef = 84BE10C42C77E7B90078F70A /* Model.xcdatamodeld */; };
		84BE10C92C7D4CCD0078F70A /* BookEntity+CoreDataClass.swift in Sources */ = {isa = PBXBuildFile; fileRef = 84BE10C72C7D4CCD0078F70A /* BookEntity+CoreDataClass.swift */; };
		84BE10CA2C7D4CCD0078F70A /* BookEntity+CoreDataProperties.swift in Sources */ = {isa = PBXBuildFile; fileRef = 84BE10C82C7D4CCD0078F70A /* BookEntity+CoreDataProperties.swift */; };
		84BE10CC2C7D4EAA0078F70A /* BookPersistent.swift in Sources */ = {isa = PBXBuildFile; fileRef = 84BE10CB2C7D4EAA0078F70A /* BookPersistent.swift */; };
		84BE10CE2C7EA3FB0078F70A /* LikesViewModel.swift in Sources */ = {isa = PBXBuildFile; fileRef = 84BE10CD2C7EA3FB0078F70A /* LikesViewModel.swift */; };
		84BE10D52C8025660078F70A /* BooksLikesObject.swift in Sources */ = {isa = PBXBuildFile; fileRef = 84BE10D42C8025660078F70A /* BooksLikesObject.swift */; };
		84BE10D72C8136EA0078F70A /* LoginViewController.swift in Sources */ = {isa = PBXBuildFile; fileRef = 84BE10D62C8136EA0078F70A /* LoginViewController.swift */; };
		84BE10DA2C827BC00078F70A /* GoogleService-Info.plist in Resources */ = {isa = PBXBuildFile; fileRef = 84BE10D92C827BC00078F70A /* GoogleService-Info.plist */; };
		84BE10DD2C8286E80078F70A /* FirebaseAnalytics in Frameworks */ = {isa = PBXBuildFile; productRef = 84BE10DC2C8286E80078F70A /* FirebaseAnalytics */; };
		84BE10DF2C8286E80078F70A /* FirebaseAuth in Frameworks */ = {isa = PBXBuildFile; productRef = 84BE10DE2C8286E80078F70A /* FirebaseAuth */; };
		84BE10E12C8286E80078F70A /* FirebaseDatabase in Frameworks */ = {isa = PBXBuildFile; productRef = 84BE10E02C8286E80078F70A /* FirebaseDatabase */; };
		84BE10E32C8286E80078F70A /* FirebaseFirestore in Frameworks */ = {isa = PBXBuildFile; productRef = 84BE10E22C8286E80078F70A /* FirebaseFirestore */; };
		84BE10E52C83A3730078F70A /* TopBookApiManager.swift in Sources */ = {isa = PBXBuildFile; fileRef = 84BE10E42C83A3730078F70A /* TopBookApiManager.swift */; };
		84BE10E92C83BDFB0078F70A /* ListViewController.swift in Sources */ = {isa = PBXBuildFile; fileRef = 84BE10E82C83BDFB0078F70A /* ListViewController.swift */; };
		84BE10EC2C83C2870078F70A /* TopBooksResponseObject.swift in Sources */ = {isa = PBXBuildFile; fileRef = 84BE10EB2C83C2870078F70A /* TopBooksResponseObject.swift */; };
		FA84FEFB2C64BC80001905AE /* CategoryHeaderView.swift in Sources */ = {isa = PBXBuildFile; fileRef = FA84FEFA2C64BC80001905AE /* CategoryHeaderView.swift */; };
/* End PBXBuildFile section */

/* Begin PBXFileReference section */
		310202662C6671B500CCB902 /* LikesCollectionViewCell.swift */ = {isa = PBXFileReference; lastKnownFileType = sourcecode.swift; path = LikesCollectionViewCell.swift; sourceTree = "<group>"; };
		3121EF3C2C5E7C7B00AD6066 /* TabBarController.swift */ = {isa = PBXFileReference; lastKnownFileType = sourcecode.swift; path = TabBarController.swift; sourceTree = "<group>"; };
		3121EF3E2C5E7F9A00AD6066 /* CategoriesViewController.swift */ = {isa = PBXFileReference; lastKnownFileType = sourcecode.swift; path = CategoriesViewController.swift; sourceTree = "<group>"; };
		3121EF402C5E7FB500AD6066 /* LikesViewController.swift */ = {isa = PBXFileReference; lastKnownFileType = sourcecode.swift; path = LikesViewController.swift; sourceTree = "<group>"; };
		3121EF422C5E7FC800AD6066 /* AccountViewController.swift */ = {isa = PBXFileReference; lastKnownFileType = sourcecode.swift; path = AccountViewController.swift; sourceTree = "<group>"; };
		3121EF4C2C5FC5F500AD6066 /* HomeCollectionViewCell.swift */ = {isa = PBXFileReference; lastKnownFileType = sourcecode.swift; path = HomeCollectionViewCell.swift; sourceTree = "<group>"; };
		312C65AD2C5E723F0064FE43 /* Bookstore App.app */ = {isa = PBXFileReference; explicitFileType = wrapper.application; includeInIndex = 0; path = "Bookstore App.app"; sourceTree = BUILT_PRODUCTS_DIR; };
		312C65B02C5E723F0064FE43 /* AppDelegate.swift */ = {isa = PBXFileReference; lastKnownFileType = sourcecode.swift; path = AppDelegate.swift; sourceTree = "<group>"; };
		312C65B42C5E723F0064FE43 /* HomeViewController.swift */ = {isa = PBXFileReference; lastKnownFileType = sourcecode.swift; path = HomeViewController.swift; sourceTree = "<group>"; };
		312C65B92C5E72400064FE43 /* Assets.xcassets */ = {isa = PBXFileReference; lastKnownFileType = folder.assetcatalog; path = Assets.xcassets; sourceTree = "<group>"; };
		312C65BC2C5E72400064FE43 /* Base */ = {isa = PBXFileReference; lastKnownFileType = file.storyboard; name = Base; path = Base.lproj/LaunchScreen.storyboard; sourceTree = "<group>"; };
		312C65BE2C5E72400064FE43 /* Info.plist */ = {isa = PBXFileReference; lastKnownFileType = text.plist.xml; path = Info.plist; sourceTree = "<group>"; };
		314544AA2C60F03B0051274F /* CategoriesCollectionViewCell.swift */ = {isa = PBXFileReference; lastKnownFileType = sourcecode.swift; path = CategoriesCollectionViewCell.swift; sourceTree = "<group>"; };
		317F33322C690E0C0075776A /* WelcomeViewController.swift */ = {isa = PBXFileReference; lastKnownFileType = sourcecode.swift; path = WelcomeViewController.swift; sourceTree = "<group>"; };
		848B2A172C691D2700D1CF3B /* HomeSectionView.swift */ = {isa = PBXFileReference; lastKnownFileType = sourcecode.swift; path = HomeSectionView.swift; sourceTree = "<group>"; };
		84BE10962C6C23EC0078F70A /* UIView+Ex.swift */ = {isa = PBXFileReference; lastKnownFileType = sourcecode.swift; path = "UIView+Ex.swift"; sourceTree = "<group>"; };
		84BE10A22C751BF20078F70A /* HomeViewModel.swift */ = {isa = PBXFileReference; lastKnownFileType = sourcecode.swift; path = HomeViewModel.swift; sourceTree = "<group>"; };
		84BE10A52C751F5C0078F70A /* BooksResponseObject.swift */ = {isa = PBXFileReference; lastKnownFileType = sourcecode.swift; path = BooksResponseObject.swift; sourceTree = "<group>"; };
		84BE10A82C751FE90078F70A /* ResponseObject.swift */ = {isa = PBXFileReference; lastKnownFileType = sourcecode.swift; path = ResponseObject.swift; sourceTree = "<group>"; };
		84BE10AA2C7548760078F70A /* BookCellViewModel.swift */ = {isa = PBXFileReference; lastKnownFileType = sourcecode.swift; path = BookCellViewModel.swift; sourceTree = "<group>"; };
		84BE10AC2C76A3040078F70A /* ApiManager.swift */ = {isa = PBXFileReference; lastKnownFileType = sourcecode.swift; path = ApiManager.swift; sourceTree = "<group>"; };
		84BE10AF2C76B3D40078F70A /* NetworkingError.swift */ = {isa = PBXFileReference; lastKnownFileType = sourcecode.swift; path = NetworkingError.swift; sourceTree = "<group>"; };
		84BE10B32C77BFF80078F70A /* DetailsBookViewController.swift */ = {isa = PBXFileReference; fileEncoding = 4; lastKnownFileType = sourcecode.swift; path = DetailsBookViewController.swift; sourceTree = "<group>"; };
		84BE10B42C77BFF80078F70A /* KeyValueLabelView.swift */ = {isa = PBXFileReference; fileEncoding = 4; lastKnownFileType = sourcecode.swift; path = KeyValueLabelView.swift; sourceTree = "<group>"; };
		84BE10B92C77C0290078F70A /* UIStackView+Ex.swift */ = {isa = PBXFileReference; fileEncoding = 4; lastKnownFileType = sourcecode.swift; path = "UIStackView+Ex.swift"; sourceTree = "<group>"; };
		84BE10BE2C77CA640078F70A /* DetailsViewModel.swift */ = {isa = PBXFileReference; lastKnownFileType = sourcecode.swift; path = DetailsViewModel.swift; sourceTree = "<group>"; };
		84BE10C52C77E7B90078F70A /* Model.xcdatamodel */ = {isa = PBXFileReference; lastKnownFileType = wrapper.xcdatamodel; path = Model.xcdatamodel; sourceTree = "<group>"; };
		84BE10C72C7D4CCD0078F70A /* BookEntity+CoreDataClass.swift */ = {isa = PBXFileReference; lastKnownFileType = sourcecode.swift; path = "BookEntity+CoreDataClass.swift"; sourceTree = "<group>"; };
		84BE10C82C7D4CCD0078F70A /* BookEntity+CoreDataProperties.swift */ = {isa = PBXFileReference; lastKnownFileType = sourcecode.swift; path = "BookEntity+CoreDataProperties.swift"; sourceTree = "<group>"; };
		84BE10CB2C7D4EAA0078F70A /* BookPersistent.swift */ = {isa = PBXFileReference; lastKnownFileType = sourcecode.swift; path = BookPersistent.swift; sourceTree = "<group>"; };
		84BE10CD2C7EA3FB0078F70A /* LikesViewModel.swift */ = {isa = PBXFileReference; lastKnownFileType = sourcecode.swift; path = LikesViewModel.swift; sourceTree = "<group>"; };
		84BE10D42C8025660078F70A /* BooksLikesObject.swift */ = {isa = PBXFileReference; lastKnownFileType = sourcecode.swift; path = BooksLikesObject.swift; sourceTree = "<group>"; };
		84BE10D62C8136EA0078F70A /* LoginViewController.swift */ = {isa = PBXFileReference; lastKnownFileType = sourcecode.swift; path = LoginViewController.swift; sourceTree = "<group>"; };
		84BE10D92C827BC00078F70A /* GoogleService-Info.plist */ = {isa = PBXFileReference; fileEncoding = 4; lastKnownFileType = text.plist.xml; path = "GoogleService-Info.plist"; sourceTree = "<group>"; };
		84BE10E42C83A3730078F70A /* TopBookApiManager.swift */ = {isa = PBXFileReference; lastKnownFileType = sourcecode.swift; path = TopBookApiManager.swift; sourceTree = "<group>"; };
		84BE10E82C83BDFB0078F70A /* ListViewController.swift */ = {isa = PBXFileReference; lastKnownFileType = sourcecode.swift; path = ListViewController.swift; sourceTree = "<group>"; };
		84BE10EB2C83C2870078F70A /* TopBooksResponseObject.swift */ = {isa = PBXFileReference; lastKnownFileType = sourcecode.swift; path = TopBooksResponseObject.swift; sourceTree = "<group>"; };
		FA84FEFA2C64BC80001905AE /* CategoryHeaderView.swift */ = {isa = PBXFileReference; lastKnownFileType = sourcecode.swift; path = CategoryHeaderView.swift; sourceTree = "<group>"; };
/* End PBXFileReference section */

/* Begin PBXFrameworksBuildPhase section */
		312C65AA2C5E723F0064FE43 /* Frameworks */ = {
			isa = PBXFrameworksBuildPhase;
			buildActionMask = 2147483647;
			files = (
				84BE10E12C8286E80078F70A /* FirebaseDatabase in Frameworks */,
				84BE10BD2C77C63B0078F70A /* Kingfisher in Frameworks */,
				3121EF462C5FC13300AD6066 /* SnapKit in Frameworks */,
				84BE10DD2C8286E80078F70A /* FirebaseAnalytics in Frameworks */,
				84BE10DF2C8286E80078F70A /* FirebaseAuth in Frameworks */,
				84BE10E32C8286E80078F70A /* FirebaseFirestore in Frameworks */,
			);
			runOnlyForDeploymentPostprocessing = 0;
		};
/* End PBXFrameworksBuildPhase section */

/* Begin PBXGroup section */
		310202652C66719500CCB902 /* View */ = {
			isa = PBXGroup;
			children = (
				3121EF402C5E7FB500AD6066 /* LikesViewController.swift */,
				310202662C6671B500CCB902 /* LikesCollectionViewCell.swift */,
			);
			path = View;
			sourceTree = "<group>";
		};
		3121EF472C5FC56B00AD6066 /* Home */ = {
			isa = PBXGroup;
			children = (
				3121EF4B2C5FC5BD00AD6066 /* View */,
				84BE10A42C751BF70078F70A /* ViewModel */,
				84BE10A72C751F630078F70A /* Model */,
			);
			path = Home;
			sourceTree = "<group>";
		};
		3121EF482C5FC57300AD6066 /* Categories */ = {
			isa = PBXGroup;
			children = (
				314544A92C60EDEC0051274F /* View */,
			);
			path = Categories;
			sourceTree = "<group>";
		};
		3121EF492C5FC57D00AD6066 /* Likes */ = {
			isa = PBXGroup;
			children = (
				310202652C66719500CCB902 /* View */,
				84BE10CF2C7EA4000078F70A /* ViewModel */,
			);
			path = Likes;
			sourceTree = "<group>";
		};
		3121EF4A2C5FC58500AD6066 /* Account */ = {
			isa = PBXGroup;
			children = (
				3121EF422C5E7FC800AD6066 /* AccountViewController.swift */,
			);
			path = Account;
			sourceTree = "<group>";
		};
		3121EF4B2C5FC5BD00AD6066 /* View */ = {
			isa = PBXGroup;
			children = (
				312C65B42C5E723F0064FE43 /* HomeViewController.swift */,
				848B2A172C691D2700D1CF3B /* HomeSectionView.swift */,
				3121EF4C2C5FC5F500AD6066 /* HomeCollectionViewCell.swift */,
				FA84FEFA2C64BC80001905AE /* CategoryHeaderView.swift */,
			);
			path = View;
			sourceTree = "<group>";
		};
		312C65A42C5E723F0064FE43 = {
			isa = PBXGroup;
			children = (
				312C65AF2C5E723F0064FE43 /* Bookstore App */,
				312C65AE2C5E723F0064FE43 /* Products */,
			);
			sourceTree = "<group>";
		};
		312C65AE2C5E723F0064FE43 /* Products */ = {
			isa = PBXGroup;
			children = (
				312C65AD2C5E723F0064FE43 /* Bookstore App.app */,
			);
			name = Products;
			sourceTree = "<group>";
		};
		312C65AF2C5E723F0064FE43 /* Bookstore App */ = {
			isa = PBXGroup;
			children = (
				312C65B02C5E723F0064FE43 /* AppDelegate.swift */,
				3121EF3C2C5E7C7B00AD6066 /* TabBarController.swift */,
				84BE10CB2C7D4EAA0078F70A /* BookPersistent.swift */,
				317F33342C690E1A0075776A /* Welcome */,
				3121EF472C5FC56B00AD6066 /* Home */,
				84BE10B62C77BFF80078F70A /* Datails */,
				3121EF482C5FC57300AD6066 /* Categories */,
				3121EF492C5FC57D00AD6066 /* Likes */,
				3121EF4A2C5FC58500AD6066 /* Account */,
				84BE10D82C8136EF0078F70A /* Login */,
				84BE10952C6C23A40078F70A /* Extensions */,
				84BE10C32C77E7220078F70A /* CoreData */,
				84BE10AE2C76A46A0078F70A /* Networking */,
				84BE10EA2C83BE000078F70A /* List */,
				84BE10D92C827BC00078F70A /* GoogleService-Info.plist */,
				312C65B92C5E72400064FE43 /* Assets.xcassets */,
				312C65BB2C5E72400064FE43 /* LaunchScreen.storyboard */,
				312C65BE2C5E72400064FE43 /* Info.plist */,
			);
			path = "Bookstore App";
			sourceTree = "<group>";
		};
		314544A92C60EDEC0051274F /* View */ = {
			isa = PBXGroup;
			children = (
				3121EF3E2C5E7F9A00AD6066 /* CategoriesViewController.swift */,
				314544AA2C60F03B0051274F /* CategoriesCollectionViewCell.swift */,
			);
			path = View;
			sourceTree = "<group>";
		};
		317F33342C690E1A0075776A /* Welcome */ = {
			isa = PBXGroup;
			children = (
				317F33322C690E0C0075776A /* WelcomeViewController.swift */,
			);
			path = Welcome;
			sourceTree = "<group>";
		};
		84BE10952C6C23A40078F70A /* Extensions */ = {
			isa = PBXGroup;
			children = (
				84BE10B92C77C0290078F70A /* UIStackView+Ex.swift */,
				84BE10962C6C23EC0078F70A /* UIView+Ex.swift */,
			);
			path = Extensions;
			sourceTree = "<group>";
		};
		84BE10A42C751BF70078F70A /* ViewModel */ = {
			isa = PBXGroup;
			children = (
				84BE10A22C751BF20078F70A /* HomeViewModel.swift */,
				84BE10AA2C7548760078F70A /* BookCellViewModel.swift */,
			);
			path = ViewModel;
			sourceTree = "<group>";
		};
		84BE10A72C751F630078F70A /* Model */ = {
			isa = PBXGroup;
			children = (
				84BE10A82C751FE90078F70A /* ResponseObject.swift */,
				84BE10A52C751F5C0078F70A /* BooksResponseObject.swift */,
				84BE10D42C8025660078F70A /* BooksLikesObject.swift */,
				84BE10EB2C83C2870078F70A /* TopBooksResponseObject.swift */,
			);
			path = Model;
			sourceTree = "<group>";
		};
		84BE10AE2C76A46A0078F70A /* Networking */ = {
			isa = PBXGroup;
			children = (
				84BE10AC2C76A3040078F70A /* ApiManager.swift */,
				84BE10AF2C76B3D40078F70A /* NetworkingError.swift */,
				84BE10E42C83A3730078F70A /* TopBookApiManager.swift */,
			);
			path = Networking;
			sourceTree = "<group>";
		};
		84BE10B52C77BFF80078F70A /* View */ = {
			isa = PBXGroup;
			children = (
				84BE10B32C77BFF80078F70A /* DetailsBookViewController.swift */,
				84BE10B42C77BFF80078F70A /* KeyValueLabelView.swift */,
			);
			path = View;
			sourceTree = "<group>";
		};
		84BE10B62C77BFF80078F70A /* Datails */ = {
			isa = PBXGroup;
			children = (
				84BE10B52C77BFF80078F70A /* View */,
				84BE10C02C77CA700078F70A /* ViewModel */,
			);
			path = Datails;
			sourceTree = "<group>";
		};
		84BE10C02C77CA700078F70A /* ViewModel */ = {
			isa = PBXGroup;
			children = (
				84BE10BE2C77CA640078F70A /* DetailsViewModel.swift */,
			);
			path = ViewModel;
			sourceTree = "<group>";
		};
		84BE10C32C77E7220078F70A /* CoreData */ = {
			isa = PBXGroup;
			children = (
				84BE10C72C7D4CCD0078F70A /* BookEntity+CoreDataClass.swift */,
				84BE10C82C7D4CCD0078F70A /* BookEntity+CoreDataProperties.swift */,
				84BE10C42C77E7B90078F70A /* Model.xcdatamodeld */,
			);
			path = CoreData;
			sourceTree = "<group>";
		};
		84BE10CF2C7EA4000078F70A /* ViewModel */ = {
			isa = PBXGroup;
			children = (
				84BE10CD2C7EA3FB0078F70A /* LikesViewModel.swift */,
			);
			path = ViewModel;
			sourceTree = "<group>";
		};
		84BE10D82C8136EF0078F70A /* Login */ = {
			isa = PBXGroup;
			children = (
				84BE10D62C8136EA0078F70A /* LoginViewController.swift */,
			);
			path = Login;
			sourceTree = "<group>";
		};
		84BE10EA2C83BE000078F70A /* List */ = {
			isa = PBXGroup;
			children = (
				84BE10E82C83BDFB0078F70A /* ListViewController.swift */,
			);
			path = List;
			sourceTree = "<group>";
		};
/* End PBXGroup section */

/* Begin PBXNativeTarget section */
		312C65AC2C5E723F0064FE43 /* Bookstore App */ = {
			isa = PBXNativeTarget;
			buildConfigurationList = 312C65C12C5E72400064FE43 /* Build configuration list for PBXNativeTarget "Bookstore App" */;
			buildPhases = (
				312C65A92C5E723F0064FE43 /* Sources */,
				312C65AA2C5E723F0064FE43 /* Frameworks */,
				312C65AB2C5E723F0064FE43 /* Resources */,
			);
			buildRules = (
			);
			dependencies = (
			);
			name = "Bookstore App";
			packageProductDependencies = (
				3121EF452C5FC13300AD6066 /* SnapKit */,
				84BE10BC2C77C63B0078F70A /* Kingfisher */,
				84BE10DC2C8286E80078F70A /* FirebaseAnalytics */,
				84BE10DE2C8286E80078F70A /* FirebaseAuth */,
				84BE10E02C8286E80078F70A /* FirebaseDatabase */,
				84BE10E22C8286E80078F70A /* FirebaseFirestore */,
			);
			productName = "Bookstore App";
			productReference = 312C65AD2C5E723F0064FE43 /* Bookstore App.app */;
			productType = "com.apple.product-type.application";
		};
/* End PBXNativeTarget section */

/* Begin PBXProject section */
		312C65A52C5E723F0064FE43 /* Project object */ = {
			isa = PBXProject;
			attributes = {
				BuildIndependentTargetsInParallel = 1;
				LastSwiftUpdateCheck = 1530;
				LastUpgradeCheck = 1530;
				TargetAttributes = {
					312C65AC2C5E723F0064FE43 = {
						CreatedOnToolsVersion = 15.3;
					};
				};
			};
			buildConfigurationList = 312C65A82C5E723F0064FE43 /* Build configuration list for PBXProject "Bookstore App" */;
			compatibilityVersion = "Xcode 14.0";
			developmentRegion = en;
			hasScannedForEncodings = 0;
			knownRegions = (
				en,
				Base,
			);
			mainGroup = 312C65A42C5E723F0064FE43;
			packageReferences = (
				3121EF442C5FC13300AD6066 /* XCRemoteSwiftPackageReference "SnapKit" */,
				84BE10BB2C77C63B0078F70A /* XCRemoteSwiftPackageReference "Kingfisher" */,
				84BE10DB2C8286E80078F70A /* XCRemoteSwiftPackageReference "firebase-ios-sdk" */,
			);
			productRefGroup = 312C65AE2C5E723F0064FE43 /* Products */;
			projectDirPath = "";
			projectRoot = "";
			targets = (
				312C65AC2C5E723F0064FE43 /* Bookstore App */,
			);
		};
/* End PBXProject section */

/* Begin PBXResourcesBuildPhase section */
		312C65AB2C5E723F0064FE43 /* Resources */ = {
			isa = PBXResourcesBuildPhase;
			buildActionMask = 2147483647;
			files = (
				312C65BA2C5E72400064FE43 /* Assets.xcassets in Resources */,
				312C65BD2C5E72400064FE43 /* Base in Resources */,
				84BE10DA2C827BC00078F70A /* GoogleService-Info.plist in Resources */,
			);
			runOnlyForDeploymentPostprocessing = 0;
		};
/* End PBXResourcesBuildPhase section */

/* Begin PBXSourcesBuildPhase section */
		312C65A92C5E723F0064FE43 /* Sources */ = {
			isa = PBXSourcesBuildPhase;
			buildActionMask = 2147483647;
			files = (
				3121EF4D2C5FC5F500AD6066 /* HomeCollectionViewCell.swift in Sources */,
				848B2A182C691D2700D1CF3B /* HomeSectionView.swift in Sources */,
				317F33332C690E0C0075776A /* WelcomeViewController.swift in Sources */,
				FA84FEFB2C64BC80001905AE /* CategoryHeaderView.swift in Sources */,
				3121EF3D2C5E7C7B00AD6066 /* TabBarController.swift in Sources */,
				84BE10A92C751FE90078F70A /* ResponseObject.swift in Sources */,
				84BE10D52C8025660078F70A /* BooksLikesObject.swift in Sources */,
				84BE10E52C83A3730078F70A /* TopBookApiManager.swift in Sources */,
				84BE10BA2C77C02A0078F70A /* UIStackView+Ex.swift in Sources */,
				84BE10B72C77BFF80078F70A /* DetailsBookViewController.swift in Sources */,
				84BE10AB2C7548760078F70A /* BookCellViewModel.swift in Sources */,
				310202672C6671B500CCB902 /* LikesCollectionViewCell.swift in Sources */,
				84BE10BF2C77CA640078F70A /* DetailsViewModel.swift in Sources */,
				84BE10CE2C7EA3FB0078F70A /* LikesViewModel.swift in Sources */,
				84BE10E92C83BDFB0078F70A /* ListViewController.swift in Sources */,
				84BE10C62C77E7B90078F70A /* Model.xcdatamodeld in Sources */,
				84BE10B02C76B3D40078F70A /* NetworkingError.swift in Sources */,
				84BE10A62C751F5C0078F70A /* BooksResponseObject.swift in Sources */,
				84BE10B82C77BFF80078F70A /* KeyValueLabelView.swift in Sources */,
				314544AB2C60F03B0051274F /* CategoriesCollectionViewCell.swift in Sources */,
				84BE10D72C8136EA0078F70A /* LoginViewController.swift in Sources */,
				84BE10AD2C76A3040078F70A /* ApiManager.swift in Sources */,
				84BE10CC2C7D4EAA0078F70A /* BookPersistent.swift in Sources */,
				3121EF412C5E7FB500AD6066 /* LikesViewController.swift in Sources */,
				3121EF432C5E7FC800AD6066 /* AccountViewController.swift in Sources */,
				84BE10A32C751BF20078F70A /* HomeViewModel.swift in Sources */,
				84BE10EC2C83C2870078F70A /* TopBooksResponseObject.swift in Sources */,
				84BE10C92C7D4CCD0078F70A /* BookEntity+CoreDataClass.swift in Sources */,
				84BE10CA2C7D4CCD0078F70A /* BookEntity+CoreDataProperties.swift in Sources */,
				312C65B52C5E723F0064FE43 /* HomeViewController.swift in Sources */,
				3121EF3F2C5E7F9A00AD6066 /* CategoriesViewController.swift in Sources */,
				312C65B12C5E723F0064FE43 /* AppDelegate.swift in Sources */,
				84BE10972C6C23EC0078F70A /* UIView+Ex.swift in Sources */,
			);
			runOnlyForDeploymentPostprocessing = 0;
		};
/* End PBXSourcesBuildPhase section */

/* Begin PBXVariantGroup section */
		312C65BB2C5E72400064FE43 /* LaunchScreen.storyboard */ = {
			isa = PBXVariantGroup;
			children = (
				312C65BC2C5E72400064FE43 /* Base */,
			);
			name = LaunchScreen.storyboard;
			sourceTree = "<group>";
		};
/* End PBXVariantGroup section */

/* Begin XCBuildConfiguration section */
		312C65BF2C5E72400064FE43 /* Debug */ = {
			isa = XCBuildConfiguration;
			buildSettings = {
				ALWAYS_SEARCH_USER_PATHS = NO;
				ASSETCATALOG_COMPILER_GENERATE_SWIFT_ASSET_SYMBOL_EXTENSIONS = YES;
				CLANG_ANALYZER_NONNULL = YES;
				CLANG_ANALYZER_NUMBER_OBJECT_CONVERSION = YES_AGGRESSIVE;
				CLANG_CXX_LANGUAGE_STANDARD = "gnu++20";
				CLANG_ENABLE_MODULES = YES;
				CLANG_ENABLE_OBJC_ARC = YES;
				CLANG_ENABLE_OBJC_WEAK = YES;
				CLANG_WARN_BLOCK_CAPTURE_AUTORELEASING = YES;
				CLANG_WARN_BOOL_CONVERSION = YES;
				CLANG_WARN_COMMA = YES;
				CLANG_WARN_CONSTANT_CONVERSION = YES;
				CLANG_WARN_DEPRECATED_OBJC_IMPLEMENTATIONS = YES;
				CLANG_WARN_DIRECT_OBJC_ISA_USAGE = YES_ERROR;
				CLANG_WARN_DOCUMENTATION_COMMENTS = YES;
				CLANG_WARN_EMPTY_BODY = YES;
				CLANG_WARN_ENUM_CONVERSION = YES;
				CLANG_WARN_INFINITE_RECURSION = YES;
				CLANG_WARN_INT_CONVERSION = YES;
				CLANG_WARN_NON_LITERAL_NULL_CONVERSION = YES;
				CLANG_WARN_OBJC_IMPLICIT_RETAIN_SELF = YES;
				CLANG_WARN_OBJC_LITERAL_CONVERSION = YES;
				CLANG_WARN_OBJC_ROOT_CLASS = YES_ERROR;
				CLANG_WARN_QUOTED_INCLUDE_IN_FRAMEWORK_HEADER = YES;
				CLANG_WARN_RANGE_LOOP_ANALYSIS = YES;
				CLANG_WARN_STRICT_PROTOTYPES = YES;
				CLANG_WARN_SUSPICIOUS_MOVE = YES;
				CLANG_WARN_UNGUARDED_AVAILABILITY = YES_AGGRESSIVE;
				CLANG_WARN_UNREACHABLE_CODE = YES;
				CLANG_WARN__DUPLICATE_METHOD_MATCH = YES;
				COPY_PHASE_STRIP = NO;
				DEBUG_INFORMATION_FORMAT = dwarf;
				ENABLE_STRICT_OBJC_MSGSEND = YES;
				ENABLE_TESTABILITY = YES;
				ENABLE_USER_SCRIPT_SANDBOXING = YES;
				GCC_C_LANGUAGE_STANDARD = gnu17;
				GCC_DYNAMIC_NO_PIC = NO;
				GCC_NO_COMMON_BLOCKS = YES;
				GCC_OPTIMIZATION_LEVEL = 0;
				GCC_PREPROCESSOR_DEFINITIONS = (
					"DEBUG=1",
					"$(inherited)",
				);
				GCC_WARN_64_TO_32_BIT_CONVERSION = YES;
				GCC_WARN_ABOUT_RETURN_TYPE = YES_ERROR;
				GCC_WARN_UNDECLARED_SELECTOR = YES;
				GCC_WARN_UNINITIALIZED_AUTOS = YES_AGGRESSIVE;
				GCC_WARN_UNUSED_FUNCTION = YES;
				GCC_WARN_UNUSED_VARIABLE = YES;
				IPHONEOS_DEPLOYMENT_TARGET = 17.4;
				LOCALIZATION_PREFERS_STRING_CATALOGS = YES;
				MTL_ENABLE_DEBUG_INFO = INCLUDE_SOURCE;
				MTL_FAST_MATH = YES;
				ONLY_ACTIVE_ARCH = YES;
				SDKROOT = iphoneos;
				SWIFT_ACTIVE_COMPILATION_CONDITIONS = "DEBUG $(inherited)";
				SWIFT_OPTIMIZATION_LEVEL = "-Onone";
			};
			name = Debug;
		};
		312C65C02C5E72400064FE43 /* Release */ = {
			isa = XCBuildConfiguration;
			buildSettings = {
				ALWAYS_SEARCH_USER_PATHS = NO;
				ASSETCATALOG_COMPILER_GENERATE_SWIFT_ASSET_SYMBOL_EXTENSIONS = YES;
				CLANG_ANALYZER_NONNULL = YES;
				CLANG_ANALYZER_NUMBER_OBJECT_CONVERSION = YES_AGGRESSIVE;
				CLANG_CXX_LANGUAGE_STANDARD = "gnu++20";
				CLANG_ENABLE_MODULES = YES;
				CLANG_ENABLE_OBJC_ARC = YES;
				CLANG_ENABLE_OBJC_WEAK = YES;
				CLANG_WARN_BLOCK_CAPTURE_AUTORELEASING = YES;
				CLANG_WARN_BOOL_CONVERSION = YES;
				CLANG_WARN_COMMA = YES;
				CLANG_WARN_CONSTANT_CONVERSION = YES;
				CLANG_WARN_DEPRECATED_OBJC_IMPLEMENTATIONS = YES;
				CLANG_WARN_DIRECT_OBJC_ISA_USAGE = YES_ERROR;
				CLANG_WARN_DOCUMENTATION_COMMENTS = YES;
				CLANG_WARN_EMPTY_BODY = YES;
				CLANG_WARN_ENUM_CONVERSION = YES;
				CLANG_WARN_INFINITE_RECURSION = YES;
				CLANG_WARN_INT_CONVERSION = YES;
				CLANG_WARN_NON_LITERAL_NULL_CONVERSION = YES;
				CLANG_WARN_OBJC_IMPLICIT_RETAIN_SELF = YES;
				CLANG_WARN_OBJC_LITERAL_CONVERSION = YES;
				CLANG_WARN_OBJC_ROOT_CLASS = YES_ERROR;
				CLANG_WARN_QUOTED_INCLUDE_IN_FRAMEWORK_HEADER = YES;
				CLANG_WARN_RANGE_LOOP_ANALYSIS = YES;
				CLANG_WARN_STRICT_PROTOTYPES = YES;
				CLANG_WARN_SUSPICIOUS_MOVE = YES;
				CLANG_WARN_UNGUARDED_AVAILABILITY = YES_AGGRESSIVE;
				CLANG_WARN_UNREACHABLE_CODE = YES;
				CLANG_WARN__DUPLICATE_METHOD_MATCH = YES;
				COPY_PHASE_STRIP = NO;
				DEBUG_INFORMATION_FORMAT = "dwarf-with-dsym";
				ENABLE_NS_ASSERTIONS = NO;
				ENABLE_STRICT_OBJC_MSGSEND = YES;
				ENABLE_USER_SCRIPT_SANDBOXING = YES;
				GCC_C_LANGUAGE_STANDARD = gnu17;
				GCC_NO_COMMON_BLOCKS = YES;
				GCC_WARN_64_TO_32_BIT_CONVERSION = YES;
				GCC_WARN_ABOUT_RETURN_TYPE = YES_ERROR;
				GCC_WARN_UNDECLARED_SELECTOR = YES;
				GCC_WARN_UNINITIALIZED_AUTOS = YES_AGGRESSIVE;
				GCC_WARN_UNUSED_FUNCTION = YES;
				GCC_WARN_UNUSED_VARIABLE = YES;
				IPHONEOS_DEPLOYMENT_TARGET = 17.4;
				LOCALIZATION_PREFERS_STRING_CATALOGS = YES;
				MTL_ENABLE_DEBUG_INFO = NO;
				MTL_FAST_MATH = YES;
				SDKROOT = iphoneos;
				SWIFT_COMPILATION_MODE = wholemodule;
				VALIDATE_PRODUCT = YES;
			};
			name = Release;
		};
		312C65C22C5E72400064FE43 /* Debug */ = {
			isa = XCBuildConfiguration;
			buildSettings = {
				ASSETCATALOG_COMPILER_APPICON_NAME = AppIcon;
				ASSETCATALOG_COMPILER_GLOBAL_ACCENT_COLOR_NAME = AccentColor;
				CODE_SIGN_STYLE = Automatic;
				CURRENT_PROJECT_VERSION = 1;
				DEVELOPMENT_TEAM = AA3K6QV9LQ;
				GENERATE_INFOPLIST_FILE = YES;
				INFOPLIST_FILE = "Bookstore App/Info.plist";
				INFOPLIST_KEY_UIApplicationSupportsIndirectInputEvents = YES;
				INFOPLIST_KEY_UILaunchStoryboardName = LaunchScreen;
				INFOPLIST_KEY_UISupportedInterfaceOrientations_iPad = "UIInterfaceOrientationPortrait UIInterfaceOrientationPortraitUpsideDown UIInterfaceOrientationLandscapeLeft UIInterfaceOrientationLandscapeRight";
				INFOPLIST_KEY_UISupportedInterfaceOrientations_iPhone = "UIInterfaceOrientationPortrait UIInterfaceOrientationLandscapeLeft UIInterfaceOrientationLandscapeRight";
				LD_RUNPATH_SEARCH_PATHS = (
					"$(inherited)",
					"@executable_path/Frameworks",
				);
				MARKETING_VERSION = 1.0;
				PRODUCT_BUNDLE_IDENTIFIER = "me.maksimssalajevs.Bookstore-App";
				PRODUCT_NAME = "$(TARGET_NAME)";
				SWIFT_EMIT_LOC_STRINGS = YES;
				SWIFT_VERSION = 5.0;
				TARGETED_DEVICE_FAMILY = "1,2";
			};
			name = Debug;
		};
		312C65C32C5E72400064FE43 /* Release */ = {
			isa = XCBuildConfiguration;
			buildSettings = {
				ASSETCATALOG_COMPILER_APPICON_NAME = AppIcon;
				ASSETCATALOG_COMPILER_GLOBAL_ACCENT_COLOR_NAME = AccentColor;
				CODE_SIGN_STYLE = Automatic;
				CURRENT_PROJECT_VERSION = 1;
				DEVELOPMENT_TEAM = AA3K6QV9LQ;
				GENERATE_INFOPLIST_FILE = YES;
				INFOPLIST_FILE = "Bookstore App/Info.plist";
				INFOPLIST_KEY_UIApplicationSupportsIndirectInputEvents = YES;
				INFOPLIST_KEY_UILaunchStoryboardName = LaunchScreen;
				INFOPLIST_KEY_UISupportedInterfaceOrientations_iPad = "UIInterfaceOrientationPortrait UIInterfaceOrientationPortraitUpsideDown UIInterfaceOrientationLandscapeLeft UIInterfaceOrientationLandscapeRight";
				INFOPLIST_KEY_UISupportedInterfaceOrientations_iPhone = "UIInterfaceOrientationPortrait UIInterfaceOrientationLandscapeLeft UIInterfaceOrientationLandscapeRight";
				LD_RUNPATH_SEARCH_PATHS = (
					"$(inherited)",
					"@executable_path/Frameworks",
				);
				MARKETING_VERSION = 1.0;
				PRODUCT_BUNDLE_IDENTIFIER = "me.maksimssalajevs.Bookstore-App";
				PRODUCT_NAME = "$(TARGET_NAME)";
				SWIFT_EMIT_LOC_STRINGS = YES;
				SWIFT_VERSION = 5.0;
				TARGETED_DEVICE_FAMILY = "1,2";
			};
			name = Release;
		};
/* End XCBuildConfiguration section */

/* Begin XCConfigurationList section */
		312C65A82C5E723F0064FE43 /* Build configuration list for PBXProject "Bookstore App" */ = {
			isa = XCConfigurationList;
			buildConfigurations = (
				312C65BF2C5E72400064FE43 /* Debug */,
				312C65C02C5E72400064FE43 /* Release */,
			);
			defaultConfigurationIsVisible = 0;
			defaultConfigurationName = Release;
		};
		312C65C12C5E72400064FE43 /* Build configuration list for PBXNativeTarget "Bookstore App" */ = {
			isa = XCConfigurationList;
			buildConfigurations = (
				312C65C22C5E72400064FE43 /* Debug */,
				312C65C32C5E72400064FE43 /* Release */,
			);
			defaultConfigurationIsVisible = 0;
			defaultConfigurationName = Release;
		};
/* End XCConfigurationList section */

/* Begin XCRemoteSwiftPackageReference section */
		3121EF442C5FC13300AD6066 /* XCRemoteSwiftPackageReference "SnapKit" */ = {
			isa = XCRemoteSwiftPackageReference;
			repositoryURL = "https://github.com/SnapKit/SnapKit.git";
			requirement = {
				kind = upToNextMinorVersion;
				minimumVersion = 5.7.1;
			};
		};
		84BE10BB2C77C63B0078F70A /* XCRemoteSwiftPackageReference "Kingfisher" */ = {
			isa = XCRemoteSwiftPackageReference;
			repositoryURL = "https://github.com/onevcat/Kingfisher";
			requirement = {
				kind = upToNextMajorVersion;
				minimumVersion = 7.12.0;
			};
		};
		84BE10DB2C8286E80078F70A /* XCRemoteSwiftPackageReference "firebase-ios-sdk" */ = {
			isa = XCRemoteSwiftPackageReference;
			repositoryURL = "https://github.com/firebase/firebase-ios-sdk";
			requirement = {
				kind = upToNextMajorVersion;
				minimumVersion = 11.1.0;
			};
		};
/* End XCRemoteSwiftPackageReference section */

/* Begin XCSwiftPackageProductDependency section */
		3121EF452C5FC13300AD6066 /* SnapKit */ = {
			isa = XCSwiftPackageProductDependency;
			package = 3121EF442C5FC13300AD6066 /* XCRemoteSwiftPackageReference "SnapKit" */;
			productName = SnapKit;
		};
		84BE10BC2C77C63B0078F70A /* Kingfisher */ = {
			isa = XCSwiftPackageProductDependency;
			package = 84BE10BB2C77C63B0078F70A /* XCRemoteSwiftPackageReference "Kingfisher" */;
			productName = Kingfisher;
		};
		84BE10DC2C8286E80078F70A /* FirebaseAnalytics */ = {
			isa = XCSwiftPackageProductDependency;
			package = 84BE10DB2C8286E80078F70A /* XCRemoteSwiftPackageReference "firebase-ios-sdk" */;
			productName = FirebaseAnalytics;
		};
		84BE10DE2C8286E80078F70A /* FirebaseAuth */ = {
			isa = XCSwiftPackageProductDependency;
			package = 84BE10DB2C8286E80078F70A /* XCRemoteSwiftPackageReference "firebase-ios-sdk" */;
			productName = FirebaseAuth;
		};
		84BE10E02C8286E80078F70A /* FirebaseDatabase */ = {
			isa = XCSwiftPackageProductDependency;
			package = 84BE10DB2C8286E80078F70A /* XCRemoteSwiftPackageReference "firebase-ios-sdk" */;
			productName = FirebaseDatabase;
		};
		84BE10E22C8286E80078F70A /* FirebaseFirestore */ = {
			isa = XCSwiftPackageProductDependency;
			package = 84BE10DB2C8286E80078F70A /* XCRemoteSwiftPackageReference "firebase-ios-sdk" */;
			productName = FirebaseFirestore;
		};
/* End XCSwiftPackageProductDependency section */

/* Begin XCVersionGroup section */
		84BE10C42C77E7B90078F70A /* Model.xcdatamodeld */ = {
			isa = XCVersionGroup;
			children = (
				84BE10C52C77E7B90078F70A /* Model.xcdatamodel */,
			);
			currentVersion = 84BE10C52C77E7B90078F70A /* Model.xcdatamodel */;
			name = Model.xcdatamodeld;
			path = "/Users/anna-p-1997yandex.ru/Swift/Bookstore/Bookstore App/CoreData/Model.xcdatamodeld";
			sourceTree = "<group>";
			versionGroupType = wrapper.xcdatamodel;
		};
/* End XCVersionGroup section */
	};
	rootObject = 312C65A52C5E723F0064FE43 /* Project object */;
}
